
Microsoft Visual Studio Solution File, Format Version 12.00
# Visual Studio Version 16
VisualStudioVersion = 16.0.30413.136
MinimumVisualStudioVersion = 10.0.40219.1
Project("{FAE04EC0-301F-11D3-BF4B-00C04F79EFBC}") = "daonguoccacphantu", "daonguoccacphantu\daonguoccacphantu.csproj", "{3FDC2AC8-19F3-4ACA-A82F-CD88DA7550D7}"
EndProject
Global
	GlobalSection(SolutionConfigurationPlatforms) = preSolution
		Debug|Any CPU = Debug|Any CPU
		Release|Any CPU = Release|Any CPU
	EndGlobalSection
	GlobalSection(ProjectConfigurationPlatforms) = postSolution
		{3FDC2AC8-19F3-4ACA-A82F-CD88DA7550D7}.Debug|Any CPU.ActiveCfg = Debug|Any CPU
		{3FDC2AC8-19F3-4ACA-A82F-CD88DA7550D7}.Debug|Any CPU.Build.0 = Debug|Any CPU
		{3FDC2AC8-19F3-4ACA-A82F-CD88DA7550D7}.Release|Any CPU.ActiveCfg = Release|Any CPU
		{3FDC2AC8-19F3-4ACA-A82F-CD88DA7550D7}.Release|Any CPU.Build.0 = Release|Any CPU
	EndGlobalSection
	GlobalSection(SolutionProperties) = preSolution
		HideSolutionNode = FALSE
	EndGlobalSection
	GlobalSection(ExtensibilityGlobals) = postSolution
		SolutionGuid = {371F77E6-ED72-4C87-9ABC-71CE67002AA7}
	EndGlobalSection
EndGlobal
